
Microsoft Visual Studio Solution File, Format Version 12.00
# Visual Studio Version 16
VisualStudioVersion = 25.0.1700.0
MinimumVisualStudioVersion = 10.0.40219.1
Project("{FAE04EC0-301F-11D3-BF4B-00C04F79EFBC}") = "StockMarketApp", "StockMarketApp.csproj", "{F5A01825-A69F-4A66-88B6-AF7E904D337A}"
EndProject
Global
	GlobalSection(SolutionConfigurationPlatforms) = preSolution
		Debug|Any CPU = Debug|Any CPU
		Release|Any CPU = Release|Any CPU
	EndGlobalSection
	GlobalSection(ProjectConfigurationPlatforms) = postSolution
		{F5A01825-A69F-4A66-88B6-AF7E904D337A}.Debug|Any CPU.ActiveCfg = Debug|Any CPU
		{F5A01825-A69F-4A66-88B6-AF7E904D337A}.Debug|Any CPU.Build.0 = Debug|Any CPU
		{F5A01825-A69F-4A66-88B6-AF7E904D337A}.Release|Any CPU.ActiveCfg = Release|Any CPU
		{F5A01825-A69F-4A66-88B6-AF7E904D337A}.Release|Any CPU.Build.0 = Release|Any CPU
	EndGlobalSection
	GlobalSection(SolutionProperties) = preSolution
		HideSolutionNode = FALSE
	EndGlobalSection
	GlobalSection(ExtensibilityGlobals) = postSolution
		SolutionGuid = {E80EB47E-8B79-48A3-BDF0-17154384EC0D}
	EndGlobalSection
EndGlobal
